
Microsoft Visual Studio Solution File, Format Version 12.00
# Visual Studio Version 16
VisualStudioVersion = 16.0.30717.126
MinimumVisualStudioVersion = 10.0.40219.1
Project("{9A19103F-16F7-4668-BE54-9A1E7A4F7556}") = "MyPlaces", "MyPlaces\MyPlaces.csproj", "{2296901A-191D-41D3-9DAD-6EBA13CAB219}"
EndProject
Project("{9A19103F-16F7-4668-BE54-9A1E7A4F7556}") = "Identity", "Identity\Identity.csproj", "{566874BB-0F7D-4646-93FE-3591E02390DC}"
EndProject
Project("{9A19103F-16F7-4668-BE54-9A1E7A4F7556}") = "Entities", "Entities\Entities.csproj", "{057B2639-6D02-4B51-BAD1-38CD8688D2F2}"
EndProject
Project("{9A19103F-16F7-4668-BE54-9A1E7A4F7556}") = "EmailService", "EmailService\EmailService.csproj", "{B83887B6-44EF-4FCB-BEDE-12BB4755DEF3}"
EndProject
Global
	GlobalSection(SolutionConfigurationPlatforms) = preSolution
		Debug|Any CPU = Debug|Any CPU
		Release|Any CPU = Release|Any CPU
	EndGlobalSection
	GlobalSection(ProjectConfigurationPlatforms) = postSolution
		{2296901A-191D-41D3-9DAD-6EBA13CAB219}.Debug|Any CPU.ActiveCfg = Debug|Any CPU
		{2296901A-191D-41D3-9DAD-6EBA13CAB219}.Debug|Any CPU.Build.0 = Debug|Any CPU
		{2296901A-191D-41D3-9DAD-6EBA13CAB219}.Release|Any CPU.ActiveCfg = Release|Any CPU
		{2296901A-191D-41D3-9DAD-6EBA13CAB219}.Release|Any CPU.Build.0 = Release|Any CPU
		{566874BB-0F7D-4646-93FE-3591E02390DC}.Debug|Any CPU.ActiveCfg = Debug|Any CPU
		{566874BB-0F7D-4646-93FE-3591E02390DC}.Debug|Any CPU.Build.0 = Debug|Any CPU
		{566874BB-0F7D-4646-93FE-3591E02390DC}.Release|Any CPU.ActiveCfg = Release|Any CPU
		{566874BB-0F7D-4646-93FE-3591E02390DC}.Release|Any CPU.Build.0 = Release|Any CPU
		{057B2639-6D02-4B51-BAD1-38CD8688D2F2}.Debug|Any CPU.ActiveCfg = Debug|Any CPU
		{057B2639-6D02-4B51-BAD1-38CD8688D2F2}.Debug|Any CPU.Build.0 = Debug|Any CPU
		{057B2639-6D02-4B51-BAD1-38CD8688D2F2}.Release|Any CPU.ActiveCfg = Release|Any CPU
		{057B2639-6D02-4B51-BAD1-38CD8688D2F2}.Release|Any CPU.Build.0 = Release|Any CPU
		{B83887B6-44EF-4FCB-BEDE-12BB4755DEF3}.Debug|Any CPU.ActiveCfg = Debug|Any CPU
		{B83887B6-44EF-4FCB-BEDE-12BB4755DEF3}.Debug|Any CPU.Build.0 = Debug|Any CPU
		{B83887B6-44EF-4FCB-BEDE-12BB4755DEF3}.Release|Any CPU.ActiveCfg = Release|Any CPU
		{B83887B6-44EF-4FCB-BEDE-12BB4755DEF3}.Release|Any CPU.Build.0 = Release|Any CPU
	EndGlobalSection
	GlobalSection(SolutionProperties) = preSolution
		HideSolutionNode = FALSE
	EndGlobalSection
	GlobalSection(ExtensibilityGlobals) = postSolution
		SolutionGuid = {389C6F22-32AB-4D91-B15F-650691D43A12}
	EndGlobalSection
EndGlobal
